
Microsoft Visual Studio Solution File, Format Version 12.00
# Visual Studio Version 16
VisualStudioVersion = 16.0.30717.126
MinimumVisualStudioVersion = 10.0.40219.1
Project("{FAE04EC0-301F-11D3-BF4B-00C04F79EFBC}") = "netflix", "netflix.csproj", "{CCD645E2-65DA-4AFC-A791-6D6D373E3E70}"
EndProject
Global
	GlobalSection(SolutionConfigurationPlatforms) = preSolution
		Debug|Any CPU = Debug|Any CPU
		Release|Any CPU = Release|Any CPU
	EndGlobalSection
	GlobalSection(ProjectConfigurationPlatforms) = postSolution
		{CCD645E2-65DA-4AFC-A791-6D6D373E3E70}.Debug|Any CPU.ActiveCfg = Debug|Any CPU
		{CCD645E2-65DA-4AFC-A791-6D6D373E3E70}.Debug|Any CPU.Build.0 = Debug|Any CPU
		{CCD645E2-65DA-4AFC-A791-6D6D373E3E70}.Release|Any CPU.ActiveCfg = Release|Any CPU
		{CCD645E2-65DA-4AFC-A791-6D6D373E3E70}.Release|Any CPU.Build.0 = Release|Any CPU
	EndGlobalSection
	GlobalSection(SolutionProperties) = preSolution
		HideSolutionNode = FALSE
	EndGlobalSection
	GlobalSection(ExtensibilityGlobals) = postSolution
		SolutionGuid = {BD6026CE-D9D6-4316-B462-3AABCE45A48C}
	EndGlobalSection
EndGlobal
